// !$*UTF8*$!
{
	archiveVersion = 1;
	classes = {
	};
	objectVersion = 46;
	objects = {

/* Begin PBXAggregateTarget section */
		0299B61B17F3A8B800FB40A2 /* Ragel */ = {
			isa = PBXAggregateTarget;
			buildConfigurationList = 0299B61C17F3A8B800FB40A2 /* Build configuration list for PBXAggregateTarget "Ragel" */;
			buildPhases = (
				0299B61F17F3A8E000FB40A2 /* MODRagelJsonParser */,
			);
			dependencies = (
			);
			name = Ragel;
			productName = Ragel1;
		};
/* End PBXAggregateTarget section */

/* Begin PBXBuildFile section */
		023ECFFC14851BEE00185781 /* MODSymbol.h in Headers */ = {isa = PBXBuildFile; fileRef = 023ECFFA14851BEE00185781 /* MODSymbol.h */; settings = {ATTRIBUTES = (Public, ); }; };
		023ECFFD14851BEE00185781 /* MODSymbol.m in Sources */ = {isa = PBXBuildFile; fileRef = 023ECFFB14851BEE00185781 /* MODSymbol.m */; };
		02411AB51432B8FA00A5FFCA /* MongoObjCDriver.h in Headers */ = {isa = PBXBuildFile; fileRef = 02411AB41432B8F900A5FFCA /* MongoObjCDriver.h */; settings = {ATTRIBUTES = (Public, ); }; };
		02411AB91432D02700A5FFCA /* MODBinary.h in Headers */ = {isa = PBXBuildFile; fileRef = 02411AB71432D02600A5FFCA /* MODBinary.h */; settings = {ATTRIBUTES = (Public, ); }; };
		02411ABA1432D02700A5FFCA /* MODBinary.m in Sources */ = {isa = PBXBuildFile; fileRef = 02411AB81432D02600A5FFCA /* MODBinary.m */; };
		0245E7CC1A50265D00FB8914 /* MODRagelJsonParser-private.h in Headers */ = {isa = PBXBuildFile; fileRef = 0245E7CB1A50265D00FB8914 /* MODRagelJsonParser-private.h */; settings = {ATTRIBUTES = (Private, ); }; };
		024B0C071887DFBF00B8DCE6 /* MODDocumentComparator.h in Headers */ = {isa = PBXBuildFile; fileRef = 024B0C051887DFBF00B8DCE6 /* MODDocumentComparator.h */; settings = {ATTRIBUTES = (Public, ); }; };
		024B0C081887DFBF00B8DCE6 /* MODDocumentComparator.m in Sources */ = {isa = PBXBuildFile; fileRef = 024B0C061887DFBF00B8DCE6 /* MODDocumentComparator.m */; };
		025410A819AA7FCE00CF437E /* MODSSLOptions.h in Headers */ = {isa = PBXBuildFile; fileRef = 025410A619AA7FCE00CF437E /* MODSSLOptions.h */; settings = {ATTRIBUTES = (Public, ); }; };
		025410A919AA7FCE00CF437E /* MODSSLOptions.m in Sources */ = {isa = PBXBuildFile; fileRef = 025410A719AA7FCE00CF437E /* MODSSLOptions.m */; };
		025C56201433E7E40064B010 /* MODDBPointer.m in Sources */ = {isa = PBXBuildFile; fileRef = 025C561E1433E7E40064B010 /* MODDBPointer.m */; };
		025C56211433E7E40064B010 /* MODDBPointer.h in Headers */ = {isa = PBXBuildFile; fileRef = 025C561F1433E7E40064B010 /* MODDBPointer.h */; settings = {ATTRIBUTES = (Public, ); }; };
		025C6C8A1A666D830071950E /* MODTools.h in Headers */ = {isa = PBXBuildFile; fileRef = 025C6C891A666D760071950E /* MODTools.h */; settings = {ATTRIBUTES = (Public, ); }; };
		02688DDC14119CF50014ED51 /* MODDatabase.h in Headers */ = {isa = PBXBuildFile; fileRef = 02688DDA14119CF50014ED51 /* MODDatabase.h */; settings = {ATTRIBUTES = (Public, ); }; };
		02688DDD14119CF50014ED51 /* MODDatabase.m in Sources */ = {isa = PBXBuildFile; fileRef = 02688DDB14119CF50014ED51 /* MODDatabase.m */; };
		02688DE21411C5010014ED51 /* MODCollection.h in Headers */ = {isa = PBXBuildFile; fileRef = 02688DE01411C5010014ED51 /* MODCollection.h */; settings = {ATTRIBUTES = (Public, ); }; };
		02688DE31411C5010014ED51 /* MODCollection.m in Sources */ = {isa = PBXBuildFile; fileRef = 02688DE11411C5010014ED51 /* MODCollection.m */; };
		026B2F4E19ADC1C300009719 /* MODWriteConcern.h in Headers */ = {isa = PBXBuildFile; fileRef = 026B2F4C19ADC1C300009719 /* MODWriteConcern.h */; settings = {ATTRIBUTES = (Public, ); }; };
		026B2F4F19ADC1C300009719 /* MODWriteConcern.m in Sources */ = {isa = PBXBuildFile; fileRef = 026B2F4D19ADC1C300009719 /* MODWriteConcern.m */; };
		026B2F5319AE13B200009719 /* MODWriteConcern-private.h in Headers */ = {isa = PBXBuildFile; fileRef = 026B2F5119AE02DC00009719 /* MODWriteConcern-private.h */; settings = {ATTRIBUTES = (Private, ); }; };
		026B2F5419AE13BE00009719 /* MODReadPreferences-private.h in Headers */ = {isa = PBXBuildFile; fileRef = 026B2F5219AE05AE00009719 /* MODReadPreferences-private.h */; settings = {ATTRIBUTES = (Private, ); }; };
		027A1DA21767E91F0048AD60 /* MODMaxKey.h in Headers */ = {isa = PBXBuildFile; fileRef = 027A1D9C1767E91F0048AD60 /* MODMaxKey.h */; settings = {ATTRIBUTES = (Public, ); }; };
		027A1DA31767E91F0048AD60 /* MODMaxKey.m in Sources */ = {isa = PBXBuildFile; fileRef = 027A1D9D1767E91F0048AD60 /* MODMaxKey.m */; };
		027A1DA51767E91F0048AD60 /* MODMinKey.h in Headers */ = {isa = PBXBuildFile; fileRef = 027A1D9E1767E91F0048AD60 /* MODMinKey.h */; settings = {ATTRIBUTES = (Public, ); }; };
		027A1DA61767E91F0048AD60 /* MODMinKey.m in Sources */ = {isa = PBXBuildFile; fileRef = 027A1D9F1767E91F0048AD60 /* MODMinKey.m */; };
		027A1DA81767E91F0048AD60 /* MODUndefined.h in Headers */ = {isa = PBXBuildFile; fileRef = 027A1DA01767E91F0048AD60 /* MODUndefined.h */; settings = {ATTRIBUTES = (Public, ); }; };
		027A1DA91767E91F0048AD60 /* MODUndefined.m in Sources */ = {isa = PBXBuildFile; fileRef = 027A1DA11767E91F0048AD60 /* MODUndefined.m */; };
		028CE605142E10BE0099B1F7 /* MODTimestamp.h in Headers */ = {isa = PBXBuildFile; fileRef = 028CE603142E10BE0099B1F7 /* MODTimestamp.h */; settings = {ATTRIBUTES = (Public, ); }; };
		028CE606142E10BE0099B1F7 /* MODTimestamp.m in Sources */ = {isa = PBXBuildFile; fileRef = 028CE604142E10BE0099B1F7 /* MODTimestamp.m */; };
		0299B61517F39FAA00FB40A2 /* MODRagelJsonParser.m in Sources */ = {isa = PBXBuildFile; fileRef = 0299B61217F39FA200FB40A2 /* MODRagelJsonParser.m */; };
		02A85F5114103EA6004F3FE9 /* MODClient.h in Headers */ = {isa = PBXBuildFile; fileRef = 02A85F4F14103EA6004F3FE9 /* MODClient.h */; settings = {ATTRIBUTES = (Public, ); }; };
		02A85F5214103EA6004F3FE9 /* MODClient.m in Sources */ = {isa = PBXBuildFile; fileRef = 02A85F5014103EA6004F3FE9 /* MODClient.m */; };
		02A85F5914104184004F3FE9 /* MODQuery.h in Headers */ = {isa = PBXBuildFile; fileRef = 02A85F5714104184004F3FE9 /* MODQuery.h */; settings = {ATTRIBUTES = (Public, ); }; };
		02A85F5A14104184004F3FE9 /* MODQuery.m in Sources */ = {isa = PBXBuildFile; fileRef = 02A85F5814104184004F3FE9 /* MODQuery.m */; };
		02A85F5D14104373004F3FE9 /* MongoObjCDriver-private.h in Headers */ = {isa = PBXBuildFile; fileRef = 02A85F5B14104373004F3FE9 /* MongoObjCDriver-private.h */; settings = {ATTRIBUTES = (Private, ); }; };
		02AB057614296F9000B7CD19 /* MODObjectId.h in Headers */ = {isa = PBXBuildFile; fileRef = 02AB057414296F9000B7CD19 /* MODObjectId.h */; settings = {ATTRIBUTES = (Public, ); }; };
		02AB057714296F9000B7CD19 /* MODObjectId.m in Sources */ = {isa = PBXBuildFile; fileRef = 02AB057514296F9000B7CD19 /* MODObjectId.m */; };
		02AB33AC194870D6008C06B9 /* MODReadPreferences.h in Headers */ = {isa = PBXBuildFile; fileRef = 02AB33AA194870D6008C06B9 /* MODReadPreferences.h */; settings = {ATTRIBUTES = (Public, ); }; };
		02AB33AD194870D6008C06B9 /* MODReadPreferences.m in Sources */ = {isa = PBXBuildFile; fileRef = 02AB33AB194870D6008C06B9 /* MODReadPreferences.m */; };
		02AC79A71AB2726E00CA783B /* autogen.sh in Resources */ = {isa = PBXBuildFile; fileRef = 02AC79A11AB2726E00CA783B /* autogen.sh */; };
		02AC79A81AB2726E00CA783B /* commit_libraries.sh in Resources */ = {isa = PBXBuildFile; fileRef = 02AC79A21AB2726E00CA783B /* commit_libraries.sh */; };
		02AC79A91AB2726E00CA783B /* create_version.sh in Resources */ = {isa = PBXBuildFile; fileRef = 02AC79A31AB2726E00CA783B /* create_version.sh */; };
		02AC79AA1AB2726E00CA783B /* git_fetch.sh in Resources */ = {isa = PBXBuildFile; fileRef = 02AC79A41AB2726E00CA783B /* git_fetch.sh */; };
		02AC79AB1AB2726E00CA783B /* git_test.sh in Resources */ = {isa = PBXBuildFile; fileRef = 02AC79A51AB2726E00CA783B /* git_test.sh */; };
		02AC79AC1AB2726E00CA783B /* update_submodule.sh in Resources */ = {isa = PBXBuildFile; fileRef = 02AC79A61AB2726E00CA783B /* update_submodule.sh */; };
		02B13FA71949C41000EFF763 /* MODFunction.h in Headers */ = {isa = PBXBuildFile; fileRef = 02B13FA31949C41000EFF763 /* MODFunction.h */; settings = {ATTRIBUTES = (Public, ); }; };
		02B13FA81949C41000EFF763 /* MODFunction.m in Sources */ = {isa = PBXBuildFile; fileRef = 02B13FA41949C41000EFF763 /* MODFunction.m */; };
		02B13FA91949C41000EFF763 /* MODScopeFunction.h in Headers */ = {isa = PBXBuildFile; fileRef = 02B13FA51949C41000EFF763 /* MODScopeFunction.h */; settings = {ATTRIBUTES = (Public, ); }; };
		02B13FAA1949C41000EFF763 /* MODScopeFunction.m in Sources */ = {isa = PBXBuildFile; fileRef = 02B13FA61949C41000EFF763 /* MODScopeFunction.m */; };
		02B17F35184FF2E500362A27 /* MODBsonComparator.h in Headers */ = {isa = PBXBuildFile; fileRef = 02B17F33184FF2E500362A27 /* MODBsonComparator.h */; settings = {ATTRIBUTES = (Public, ); }; };
		02B17F36184FF2E500362A27 /* MODBsonComparator.m in Sources */ = {isa = PBXBuildFile; fileRef = 02B17F34184FF2E500362A27 /* MODBsonComparator.m */; };
		02B24273147D1BD6008A15A3 /* MODSortedMutableDictionary.h in Headers */ = {isa = PBXBuildFile; fileRef = 02B24271147D1BD6008A15A3 /* MODSortedMutableDictionary.h */; settings = {ATTRIBUTES = (Public, ); }; };
		02B24274147D1BD6008A15A3 /* MODSortedMutableDictionary.m in Sources */ = {isa = PBXBuildFile; fileRef = 02B24272147D1BD6008A15A3 /* MODSortedMutableDictionary.m */; };
		02BDC3E7141D6073000EF755 /* MODCursor.h in Headers */ = {isa = PBXBuildFile; fileRef = 02BDC3E5141D6073000EF755 /* MODCursor.h */; settings = {ATTRIBUTES = (Public, ); }; };
		02BDC3E8141D6073000EF755 /* MODCursor.m in Sources */ = {isa = PBXBuildFile; fileRef = 02BDC3E6141D6073000EF755 /* MODCursor.m */; };
		02BDC3EC141D83A7000EF755 /* MODClient_utils.m in Sources */ = {isa = PBXBuildFile; fileRef = 02BDC3EB141D83A7000EF755 /* MODClient_utils.m */; };
		02C345251A40D51F004F0D2C /* MODIndex.h in Headers */ = {isa = PBXBuildFile; fileRef = 02C345231A40D51F004F0D2C /* MODIndex.h */; settings = {ATTRIBUTES = (Public, ); }; };
		02C345261A40D51F004F0D2C /* MODIndex.m in Sources */ = {isa = PBXBuildFile; fileRef = 02C345241A40D51F004F0D2C /* MODIndex.m */; };
		02C345281A40DEC8004F0D2C /* MODIndex-private.h in Headers */ = {isa = PBXBuildFile; fileRef = 02C345271A40DEB5004F0D2C /* MODIndex-private.h */; settings = {ATTRIBUTES = (Private, ); }; };
		02CCE7A0192A278800A9DB1B /* MODRagelJsonParser.h in Headers */ = {isa = PBXBuildFile; fileRef = 0299B61117F39FA200FB40A2 /* MODRagelJsonParser.h */; settings = {ATTRIBUTES = (Public, ); }; };
		02CF0EA619191117008C822A /* Security.framework in Frameworks */ = {isa = PBXBuildFile; fileRef = 02CF0EA519191117008C822A /* Security.framework */; };
		02CF0EA81919116A008C822A /* Foundation.framework in Frameworks */ = {isa = PBXBuildFile; fileRef = 02ABA1C814103B37000417F4 /* Foundation.framework */; };
		02CF87E9142F8AA3000C4C7F /* MODRegex.h in Headers */ = {isa = PBXBuildFile; fileRef = 02CF87E7142F8AA3000C4C7F /* MODRegex.h */; settings = {ATTRIBUTES = (Public, ); }; };
		02CF87EA142F8AA3000C4C7F /* MODRegex.m in Sources */ = {isa = PBXBuildFile; fileRef = 02CF87E8142F8AA3000C4C7F /* MODRegex.m */; };
		02DB18AB172C8C5A00B26EAE /* NSData+MODBase64.h in Headers */ = {isa = PBXBuildFile; fileRef = 02DB18A9172C8C5A00B26EAE /* NSData+MODBase64.h */; settings = {ATTRIBUTES = (Public, ); }; };
		02DB18AC172C8C5A00B26EAE /* NSData+MODBase64.m in Sources */ = {isa = PBXBuildFile; fileRef = 02DB18AA172C8C5A00B26EAE /* NSData+MODBase64.m */; };
		02DB18AF172C8C9700B26EAE /* NSString+MODBase64.h in Headers */ = {isa = PBXBuildFile; fileRef = 02DB18AD172C8C9700B26EAE /* NSString+MODBase64.h */; settings = {ATTRIBUTES = (Public, ); }; };
		02DB18B0172C8C9700B26EAE /* NSString+MODBase64.m in Sources */ = {isa = PBXBuildFile; fileRef = 02DB18AE172C8C9700B26EAE /* NSString+MODBase64.m */; };
		02E6401619DB6C0000FEFEFC /* MODJsonParsingTestCase.m in Sources */ = {isa = PBXBuildFile; fileRef = 02E6401519DB6C0000FEFEFC /* MODJsonParsingTestCase.m */; };
		02E6401719DB6CD500FEFEFC /* MongoObjCDriver.framework in Frameworks */ = {isa = PBXBuildFile; fileRef = 02ABA1C014103B37000417F4 /* MongoObjCDriver.framework */; };
		02E6401919DB7CDA00FEFEFC /* MODObjectsTestCase.m in Sources */ = {isa = PBXBuildFile; fileRef = 02E6401819DB7CDA00FEFEFC /* MODObjectsTestCase.m */; };
		02E6401B19DB82E000FEFEFC /* MODBase64TestCase.m in Sources */ = {isa = PBXBuildFile; fileRef = 02E6401A19DB82E000FEFEFC /* MODBase64TestCase.m */; };
		02E6401D19DC07DB00FEFEFC /* MODDocumentCompatorTestCase.m in Sources */ = {isa = PBXBuildFile; fileRef = 02E6401C19DC07DB00FEFEFC /* MODDocumentCompatorTestCase.m */; };
		02E6401F19DC0AA900FEFEFC /* MODBsonComparatorTestCase.m in Sources */ = {isa = PBXBuildFile; fileRef = 02E6401E19DC0AA900FEFEFC /* MODBsonComparatorTestCase.m */; };
		02E6402119DC146300FEFEFC /* MODClientTestCase.m in Sources */ = {isa = PBXBuildFile; fileRef = 02E6402019DC146300FEFEFC /* MODClientTestCase.m */; };
		02F1D7CD1A3237C2009277EE /* MODSortedDictionary.h in Headers */ = {isa = PBXBuildFile; fileRef = 02F1D7CB1A3237C2009277EE /* MODSortedDictionary.h */; settings = {ATTRIBUTES = (Public, ); }; };
		02F1D7CE1A3237C2009277EE /* MODSortedDictionary.m in Sources */ = {isa = PBXBuildFile; fileRef = 02F1D7CC1A3237C2009277EE /* MODSortedDictionary.m */; };
		02F1D7D01A3330D2009277EE /* MODSortedDictionary-private.h in Headers */ = {isa = PBXBuildFile; fileRef = 02F1D7CF1A3330D2009277EE /* MODSortedDictionary-private.h */; };
		02F4EA7D19F1ABF500BE9695 /* main.m in Sources */ = {isa = PBXBuildFile; fileRef = 02F4EA7C19F1ABF500BE9695 /* main.m */; };
		02F4EA8219F1ADB400BE9695 /* MongoObjCDriver.framework in Frameworks */ = {isa = PBXBuildFile; fileRef = 02ABA1C014103B37000417F4 /* MongoObjCDriver.framework */; };
		02F4EA8719F1C39B00BE9695 /* MODBulkOperation.h in Headers */ = {isa = PBXBuildFile; fileRef = 02F4EA8519F1C39B00BE9695 /* MODBulkOperation.h */; settings = {ATTRIBUTES = (Public, ); }; };
		02F4EA8819F1C39B00BE9695 /* MODBulkOperation.m in Sources */ = {isa = PBXBuildFile; fileRef = 02F4EA8619F1C39B00BE9695 /* MODBulkOperation.m */; };
		279210B31D89F3C5005955F3 /* libsasl2.tbd in Frameworks */ = {isa = PBXBuildFile; fileRef = 279210B21D89F3C5005955F3 /* libsasl2.tbd */; };
		27D756B61D558DF100C113BE /* libbson-1.0.a in Frameworks */ = {isa = PBXBuildFile; fileRef = 27D756B01D558DF100C113BE /* libbson-1.0.a */; };
		27D756B81D558DF100C113BE /* libmongoc-1.0.a in Frameworks */ = {isa = PBXBuildFile; fileRef = 27D756B21D558DF100C113BE /* libmongoc-1.0.a */; };
		27D756BD1D5591E700C113BE /* libcrypto.a in Frameworks */ = {isa = PBXBuildFile; fileRef = 27D756BC1D5591E700C113BE /* libcrypto.a */; };
		27D756BF1D5591ED00C113BE /* libssl.a in Frameworks */ = {isa = PBXBuildFile; fileRef = 27D756BE1D5591ED00C113BE /* libssl.a */; };
/* End PBXBuildFile section */

/* Begin PBXContainerItemProxy section */
		02E6402319DC30BF00FEFEFC /* PBXContainerItemProxy */ = {
			isa = PBXContainerItemProxy;
			containerPortal = 02ABA1B614103B36000417F4 /* Project object */;
			proxyType = 1;
			remoteGlobalIDString = 02ABA1BF14103B37000417F4;
			remoteInfo = MongoObjCDriver;
		};
		02F4EA8319F1ADBB00BE9695 /* PBXContainerItemProxy */ = {
			isa = PBXContainerItemProxy;
			containerPortal = 02ABA1B614103B36000417F4 /* Project object */;
			proxyType = 1;
			remoteGlobalIDString = 02ABA1BF14103B37000417F4;
			remoteInfo = MongoObjCDriver;
		};
/* End PBXContainerItemProxy section */

/* Begin PBXCopyFilesBuildPhase section */
		02F4EA7819F1ABF400BE9695 /* CopyFiles */ = {
			isa = PBXCopyFilesBuildPhase;
			buildActionMask = 2147483647;
			dstPath = /usr/share/man/man1/;
			dstSubfolderSpec = 0;
			files = (
			);
			runOnlyForDeploymentPostprocessing = 1;
		};
/* End PBXCopyFilesBuildPhase section */

/* Begin PBXFileReference section */
		023ECFFA14851BEE00185781 /* MODSymbol.h */ = {isa = PBXFileReference; fileEncoding = 4; lastKnownFileType = sourcecode.c.h; path = MODSymbol.h; sourceTree = "<group>"; };
		023ECFFB14851BEE00185781 /* MODSymbol.m */ = {isa = PBXFileReference; fileEncoding = 4; lastKnownFileType = sourcecode.c.objc; path = MODSymbol.m; sourceTree = "<group>"; };
		02411AB41432B8F900A5FFCA /* MongoObjCDriver.h */ = {isa = PBXFileReference; fileEncoding = 4; lastKnownFileType = sourcecode.c.h; path = MongoObjCDriver.h; sourceTree = "<group>"; };
		02411AB71432D02600A5FFCA /* MODBinary.h */ = {isa = PBXFileReference; fileEncoding = 4; lastKnownFileType = sourcecode.c.h; path = MODBinary.h; sourceTree = "<group>"; };
		02411AB81432D02600A5FFCA /* MODBinary.m */ = {isa = PBXFileReference; fileEncoding = 4; lastKnownFileType = sourcecode.c.objc; path = MODBinary.m; sourceTree = "<group>"; };
		0245E7CB1A50265D00FB8914 /* MODRagelJsonParser-private.h */ = {isa = PBXFileReference; fileEncoding = 4; lastKnownFileType = sourcecode.c.h; path = "MODRagelJsonParser-private.h"; sourceTree = "<group>"; };
		024B0C051887DFBF00B8DCE6 /* MODDocumentComparator.h */ = {isa = PBXFileReference; fileEncoding = 4; lastKnownFileType = sourcecode.c.h; path = MODDocumentComparator.h; sourceTree = "<group>"; };
		024B0C061887DFBF00B8DCE6 /* MODDocumentComparator.m */ = {isa = PBXFileReference; fileEncoding = 4; lastKnownFileType = sourcecode.c.objc; path = MODDocumentComparator.m; sourceTree = "<group>"; };
		025410A619AA7FCE00CF437E /* MODSSLOptions.h */ = {isa = PBXFileReference; fileEncoding = 4; lastKnownFileType = sourcecode.c.h; path = MODSSLOptions.h; sourceTree = "<group>"; };
		025410A719AA7FCE00CF437E /* MODSSLOptions.m */ = {isa = PBXFileReference; fileEncoding = 4; lastKnownFileType = sourcecode.c.objc; path = MODSSLOptions.m; sourceTree = "<group>"; };
		025C561E1433E7E40064B010 /* MODDBPointer.m */ = {isa = PBXFileReference; fileEncoding = 4; lastKnownFileType = sourcecode.c.objc; path = MODDBPointer.m; sourceTree = "<group>"; };
		025C561F1433E7E40064B010 /* MODDBPointer.h */ = {isa = PBXFileReference; fileEncoding = 4; lastKnownFileType = sourcecode.c.h; path = MODDBPointer.h; sourceTree = "<group>"; };
		025C6C891A666D760071950E /* MODTools.h */ = {isa = PBXFileReference; lastKnownFileType = sourcecode.c.h; path = MODTools.h; sourceTree = "<group>"; };
		02688DDA14119CF50014ED51 /* MODDatabase.h */ = {isa = PBXFileReference; fileEncoding = 4; lastKnownFileType = sourcecode.c.h; path = MODDatabase.h; sourceTree = "<group>"; };
		02688DDB14119CF50014ED51 /* MODDatabase.m */ = {isa = PBXFileReference; fileEncoding = 4; lastKnownFileType = sourcecode.c.objc; path = MODDatabase.m; sourceTree = "<group>"; };
		02688DE01411C5010014ED51 /* MODCollection.h */ = {isa = PBXFileReference; fileEncoding = 4; lastKnownFileType = sourcecode.c.h; path = MODCollection.h; sourceTree = "<group>"; };
		02688DE11411C5010014ED51 /* MODCollection.m */ = {isa = PBXFileReference; fileEncoding = 4; lastKnownFileType = sourcecode.c.objc; path = MODCollection.m; sourceTree = "<group>"; };
		026B2F4C19ADC1C300009719 /* MODWriteConcern.h */ = {isa = PBXFileReference; fileEncoding = 4; lastKnownFileType = sourcecode.c.h; path = MODWriteConcern.h; sourceTree = "<group>"; };
		026B2F4D19ADC1C300009719 /* MODWriteConcern.m */ = {isa = PBXFileReference; fileEncoding = 4; lastKnownFileType = sourcecode.c.objc; path = MODWriteConcern.m; sourceTree = "<group>"; };
		026B2F5119AE02DC00009719 /* MODWriteConcern-private.h */ = {isa = PBXFileReference; lastKnownFileType = sourcecode.c.h; path = "MODWriteConcern-private.h"; sourceTree = "<group>"; };
		026B2F5219AE05AE00009719 /* MODReadPreferences-private.h */ = {isa = PBXFileReference; lastKnownFileType = sourcecode.c.h; path = "MODReadPreferences-private.h"; sourceTree = "<group>"; };
		027A1D9C1767E91F0048AD60 /* MODMaxKey.h */ = {isa = PBXFileReference; fileEncoding = 4; lastKnownFileType = sourcecode.c.h; path = MODMaxKey.h; sourceTree = "<group>"; };
		027A1D9D1767E91F0048AD60 /* MODMaxKey.m */ = {isa = PBXFileReference; fileEncoding = 4; lastKnownFileType = sourcecode.c.objc; path = MODMaxKey.m; sourceTree = "<group>"; };
		027A1D9E1767E91F0048AD60 /* MODMinKey.h */ = {isa = PBXFileReference; fileEncoding = 4; lastKnownFileType = sourcecode.c.h; path = MODMinKey.h; sourceTree = "<group>"; };
		027A1D9F1767E91F0048AD60 /* MODMinKey.m */ = {isa = PBXFileReference; fileEncoding = 4; lastKnownFileType = sourcecode.c.objc; path = MODMinKey.m; sourceTree = "<group>"; };
		027A1DA01767E91F0048AD60 /* MODUndefined.h */ = {isa = PBXFileReference; fileEncoding = 4; lastKnownFileType = sourcecode.c.h; path = MODUndefined.h; sourceTree = "<group>"; };
		027A1DA11767E91F0048AD60 /* MODUndefined.m */ = {isa = PBXFileReference; fileEncoding = 4; lastKnownFileType = sourcecode.c.objc; path = MODUndefined.m; sourceTree = "<group>"; };
		028CE603142E10BE0099B1F7 /* MODTimestamp.h */ = {isa = PBXFileReference; fileEncoding = 4; lastKnownFileType = sourcecode.c.h; path = MODTimestamp.h; sourceTree = "<group>"; };
		028CE604142E10BE0099B1F7 /* MODTimestamp.m */ = {isa = PBXFileReference; fileEncoding = 4; lastKnownFileType = sourcecode.c.objc; path = MODTimestamp.m; sourceTree = "<group>"; };
		0299B61117F39FA200FB40A2 /* MODRagelJsonParser.h */ = {isa = PBXFileReference; lastKnownFileType = sourcecode.c.h; path = MODRagelJsonParser.h; sourceTree = "<group>"; };
		0299B61217F39FA200FB40A2 /* MODRagelJsonParser.m */ = {isa = PBXFileReference; lastKnownFileType = sourcecode.c.objc; path = MODRagelJsonParser.m; sourceTree = "<group>"; };
		0299B61317F39FA200FB40A2 /* MODRagelJsonParser.rl */ = {isa = PBXFileReference; explicitFileType = sourcecode.c.objc; path = MODRagelJsonParser.rl; sourceTree = "<group>"; };
		02A85F4F14103EA6004F3FE9 /* MODClient.h */ = {isa = PBXFileReference; fileEncoding = 4; lastKnownFileType = sourcecode.c.h; path = MODClient.h; sourceTree = "<group>"; };
		02A85F5014103EA6004F3FE9 /* MODClient.m */ = {isa = PBXFileReference; fileEncoding = 4; lastKnownFileType = sourcecode.c.objc; path = MODClient.m; sourceTree = "<group>"; };
		02A85F5714104184004F3FE9 /* MODQuery.h */ = {isa = PBXFileReference; fileEncoding = 4; lastKnownFileType = sourcecode.c.h; path = MODQuery.h; sourceTree = "<group>"; };
		02A85F5814104184004F3FE9 /* MODQuery.m */ = {isa = PBXFileReference; fileEncoding = 4; lastKnownFileType = sourcecode.c.objc; path = MODQuery.m; sourceTree = "<group>"; };
		02A85F5B14104373004F3FE9 /* MongoObjCDriver-private.h */ = {isa = PBXFileReference; fileEncoding = 4; lastKnownFileType = sourcecode.c.h; path = "MongoObjCDriver-private.h"; sourceTree = "<group>"; };
		02A9B23B19E5947D002A73E4 /* MODClient-private.h */ = {isa = PBXFileReference; lastKnownFileType = sourcecode.c.h; path = "MODClient-private.h"; sourceTree = "<group>"; };
		02A9B23C19E596E5002A73E4 /* MODDatabase-private.h */ = {isa = PBXFileReference; lastKnownFileType = sourcecode.c.h; path = "MODDatabase-private.h"; sourceTree = "<group>"; };
		02AB057414296F9000B7CD19 /* MODObjectId.h */ = {isa = PBXFileReference; fileEncoding = 4; lastKnownFileType = sourcecode.c.h; path = MODObjectId.h; sourceTree = "<group>"; };
		02AB057514296F9000B7CD19 /* MODObjectId.m */ = {isa = PBXFileReference; fileEncoding = 4; lastKnownFileType = sourcecode.c.objc; path = MODObjectId.m; sourceTree = "<group>"; };
		02AB33AA194870D6008C06B9 /* MODReadPreferences.h */ = {isa = PBXFileReference; fileEncoding = 4; lastKnownFileType = sourcecode.c.h; path = MODReadPreferences.h; sourceTree = "<group>"; };
		02AB33AB194870D6008C06B9 /* MODReadPreferences.m */ = {isa = PBXFileReference; fileEncoding = 4; lastKnownFileType = sourcecode.c.objc; path = MODReadPreferences.m; sourceTree = "<group>"; };
		02ABA1C014103B37000417F4 /* MongoObjCDriver.framework */ = {isa = PBXFileReference; explicitFileType = wrapper.framework; includeInIndex = 0; path = MongoObjCDriver.framework; sourceTree = BUILT_PRODUCTS_DIR; };
		02ABA1C314103B37000417F4 /* Cocoa.framework */ = {isa = PBXFileReference; lastKnownFileType = wrapper.framework; name = Cocoa.framework; path = System/Library/Frameworks/Cocoa.framework; sourceTree = SDKROOT; };
		02ABA1C614103B37000417F4 /* AppKit.framework */ = {isa = PBXFileReference; lastKnownFileType = wrapper.framework; name = AppKit.framework; path = System/Library/Frameworks/AppKit.framework; sourceTree = SDKROOT; };
		02ABA1C714103B37000417F4 /* CoreData.framework */ = {isa = PBXFileReference; lastKnownFileType = wrapper.framework; name = CoreData.framework; path = System/Library/Frameworks/CoreData.framework; sourceTree = SDKROOT; };
		02ABA1C814103B37000417F4 /* Foundation.framework */ = {isa = PBXFileReference; lastKnownFileType = wrapper.framework; name = Foundation.framework; path = System/Library/Frameworks/Foundation.framework; sourceTree = SDKROOT; };
		02ABA1CB14103B37000417F4 /* MongoObjCDriver-Info.plist */ = {isa = PBXFileReference; lastKnownFileType = text.plist.xml; path = "MongoObjCDriver-Info.plist"; sourceTree = "<group>"; };
		02ABA1CD14103B37000417F4 /* en */ = {isa = PBXFileReference; lastKnownFileType = text.plist.strings; name = en; path = en.lproj/InfoPlist.strings; sourceTree = "<group>"; };
		02AC79A11AB2726E00CA783B /* autogen.sh */ = {isa = PBXFileReference; fileEncoding = 4; lastKnownFileType = text.script.sh; path = autogen.sh; sourceTree = "<group>"; };
		02AC79A21AB2726E00CA783B /* commit_libraries.sh */ = {isa = PBXFileReference; fileEncoding = 4; lastKnownFileType = text.script.sh; path = commit_libraries.sh; sourceTree = "<group>"; };
		02AC79A31AB2726E00CA783B /* create_version.sh */ = {isa = PBXFileReference; fileEncoding = 4; lastKnownFileType = text.script.sh; path = create_version.sh; sourceTree = "<group>"; };
		02AC79A41AB2726E00CA783B /* git_fetch.sh */ = {isa = PBXFileReference; fileEncoding = 4; lastKnownFileType = text.script.sh; path = git_fetch.sh; sourceTree = "<group>"; };
		02AC79A51AB2726E00CA783B /* git_test.sh */ = {isa = PBXFileReference; fileEncoding = 4; lastKnownFileType = text.script.sh; path = git_test.sh; sourceTree = "<group>"; };
		02AC79A61AB2726E00CA783B /* update_submodule.sh */ = {isa = PBXFileReference; fileEncoding = 4; lastKnownFileType = text.script.sh; path = update_submodule.sh; sourceTree = "<group>"; };
		02B13FA31949C41000EFF763 /* MODFunction.h */ = {isa = PBXFileReference; fileEncoding = 4; lastKnownFileType = sourcecode.c.h; path = MODFunction.h; sourceTree = "<group>"; };
		02B13FA41949C41000EFF763 /* MODFunction.m */ = {isa = PBXFileReference; fileEncoding = 4; lastKnownFileType = sourcecode.c.objc; path = MODFunction.m; sourceTree = "<group>"; };
		02B13FA51949C41000EFF763 /* MODScopeFunction.h */ = {isa = PBXFileReference; fileEncoding = 4; lastKnownFileType = sourcecode.c.h; path = MODScopeFunction.h; sourceTree = "<group>"; };
		02B13FA61949C41000EFF763 /* MODScopeFunction.m */ = {isa = PBXFileReference; fileEncoding = 4; lastKnownFileType = sourcecode.c.objc; path = MODScopeFunction.m; sourceTree = "<group>"; };
		02B17F33184FF2E500362A27 /* MODBsonComparator.h */ = {isa = PBXFileReference; fileEncoding = 4; lastKnownFileType = sourcecode.c.h; path = MODBsonComparator.h; sourceTree = "<group>"; };
		02B17F34184FF2E500362A27 /* MODBsonComparator.m */ = {isa = PBXFileReference; fileEncoding = 4; lastKnownFileType = sourcecode.c.objc; path = MODBsonComparator.m; sourceTree = "<group>"; };
		02B24271147D1BD6008A15A3 /* MODSortedMutableDictionary.h */ = {isa = PBXFileReference; fileEncoding = 4; lastKnownFileType = sourcecode.c.h; path = MODSortedMutableDictionary.h; sourceTree = "<group>"; };
		02B24272147D1BD6008A15A3 /* MODSortedMutableDictionary.m */ = {isa = PBXFileReference; fileEncoding = 4; lastKnownFileType = sourcecode.c.objc; path = MODSortedMutableDictionary.m; sourceTree = "<group>"; };
		02B5B56219EEDEE900CD4098 /* MODCursor-private.h */ = {isa = PBXFileReference; lastKnownFileType = sourcecode.c.h; path = "MODCursor-private.h"; sourceTree = "<group>"; };
		02BDC3E5141D6073000EF755 /* MODCursor.h */ = {isa = PBXFileReference; fileEncoding = 4; lastKnownFileType = sourcecode.c.h; path = MODCursor.h; sourceTree = "<group>"; };
		02BDC3E6141D6073000EF755 /* MODCursor.m */ = {isa = PBXFileReference; fileEncoding = 4; lastKnownFileType = sourcecode.c.objc; path = MODCursor.m; sourceTree = "<group>"; };
		02BDC3EB141D83A7000EF755 /* MODClient_utils.m */ = {isa = PBXFileReference; fileEncoding = 4; lastKnownFileType = sourcecode.c.objc; path = MODClient_utils.m; sourceTree = "<group>"; };
		02C345231A40D51F004F0D2C /* MODIndex.h */ = {isa = PBXFileReference; fileEncoding = 4; lastKnownFileType = sourcecode.c.h; path = MODIndex.h; sourceTree = "<group>"; };
		02C345241A40D51F004F0D2C /* MODIndex.m */ = {isa = PBXFileReference; fileEncoding = 4; lastKnownFileType = sourcecode.c.objc; path = MODIndex.m; sourceTree = "<group>"; };
		02C345271A40DEB5004F0D2C /* MODIndex-private.h */ = {isa = PBXFileReference; lastKnownFileType = sourcecode.c.h; path = "MODIndex-private.h"; sourceTree = "<group>"; };
		02CF0EA519191117008C822A /* Security.framework */ = {isa = PBXFileReference; lastKnownFileType = wrapper.framework; name = Security.framework; path = System/Library/Frameworks/Security.framework; sourceTree = SDKROOT; };
		02CF87E7142F8AA3000C4C7F /* MODRegex.h */ = {isa = PBXFileReference; fileEncoding = 4; lastKnownFileType = sourcecode.c.h; path = MODRegex.h; sourceTree = "<group>"; };
		02CF87E8142F8AA3000C4C7F /* MODRegex.m */ = {isa = PBXFileReference; fileEncoding = 4; lastKnownFileType = sourcecode.c.objc; path = MODRegex.m; sourceTree = "<group>"; };
		02DB18A9172C8C5A00B26EAE /* NSData+MODBase64.h */ = {isa = PBXFileReference; fileEncoding = 4; lastKnownFileType = sourcecode.c.h; path = "NSData+MODBase64.h"; sourceTree = "<group>"; };
		02DB18AA172C8C5A00B26EAE /* NSData+MODBase64.m */ = {isa = PBXFileReference; fileEncoding = 4; lastKnownFileType = sourcecode.c.objc; path = "NSData+MODBase64.m"; sourceTree = "<group>"; };
		02DB18AD172C8C9700B26EAE /* NSString+MODBase64.h */ = {isa = PBXFileReference; fileEncoding = 4; lastKnownFileType = sourcecode.c.h; path = "NSString+MODBase64.h"; sourceTree = "<group>"; };
		02DB18AE172C8C9700B26EAE /* NSString+MODBase64.m */ = {isa = PBXFileReference; fileEncoding = 4; lastKnownFileType = sourcecode.c.objc; path = "NSString+MODBase64.m"; sourceTree = "<group>"; };
		02E3ECF619AD74E400F7F06E /* MongoObjCDriver.podspec */ = {isa = PBXFileReference; lastKnownFileType = text; path = MongoObjCDriver.podspec; sourceTree = "<group>"; };
		02E6400C19DB68F900FEFEFC /* MongoObjCDriver Tests.xctest */ = {isa = PBXFileReference; explicitFileType = wrapper.cfbundle; includeInIndex = 0; path = "MongoObjCDriver Tests.xctest"; sourceTree = BUILT_PRODUCTS_DIR; };
		02E6400F19DB68F900FEFEFC /* Info.plist */ = {isa = PBXFileReference; lastKnownFileType = text.plist.xml; path = Info.plist; sourceTree = "<group>"; };
		02E6401519DB6C0000FEFEFC /* MODJsonParsingTestCase.m */ = {isa = PBXFileReference; fileEncoding = 4; lastKnownFileType = sourcecode.c.objc; path = MODJsonParsingTestCase.m; sourceTree = "<group>"; };
		02E6401819DB7CDA00FEFEFC /* MODObjectsTestCase.m */ = {isa = PBXFileReference; fileEncoding = 4; lastKnownFileType = sourcecode.c.objc; path = MODObjectsTestCase.m; sourceTree = "<group>"; };
		02E6401A19DB82E000FEFEFC /* MODBase64TestCase.m */ = {isa = PBXFileReference; fileEncoding = 4; lastKnownFileType = sourcecode.c.objc; path = MODBase64TestCase.m; sourceTree = "<group>"; };
		02E6401C19DC07DB00FEFEFC /* MODDocumentCompatorTestCase.m */ = {isa = PBXFileReference; fileEncoding = 4; lastKnownFileType = sourcecode.c.objc; path = MODDocumentCompatorTestCase.m; sourceTree = "<group>"; };
		02E6401E19DC0AA900FEFEFC /* MODBsonComparatorTestCase.m */ = {isa = PBXFileReference; fileEncoding = 4; lastKnownFileType = sourcecode.c.objc; path = MODBsonComparatorTestCase.m; sourceTree = "<group>"; };
		02E6402019DC146300FEFEFC /* MODClientTestCase.m */ = {isa = PBXFileReference; fileEncoding = 4; lastKnownFileType = sourcecode.c.objc; path = MODClientTestCase.m; sourceTree = "<group>"; };
		02F121BF1410EF5200197811 /* Foundation.framework */ = {isa = PBXFileReference; lastKnownFileType = wrapper.framework; name = Foundation.framework; path = System/Library/Frameworks/Foundation.framework; sourceTree = SDKROOT; };
		02F1D7CB1A3237C2009277EE /* MODSortedDictionary.h */ = {isa = PBXFileReference; fileEncoding = 4; lastKnownFileType = sourcecode.c.h; path = MODSortedDictionary.h; sourceTree = "<group>"; };
		02F1D7CC1A3237C2009277EE /* MODSortedDictionary.m */ = {isa = PBXFileReference; fileEncoding = 4; lastKnownFileType = sourcecode.c.objc; path = MODSortedDictionary.m; sourceTree = "<group>"; };
		02F1D7CF1A3330D2009277EE /* MODSortedDictionary-private.h */ = {isa = PBXFileReference; fileEncoding = 4; lastKnownFileType = sourcecode.c.h; path = "MODSortedDictionary-private.h"; sourceTree = "<group>"; };
		02F4EA7A19F1ABF400BE9695 /* test */ = {isa = PBXFileReference; explicitFileType = "compiled.mach-o.executable"; includeInIndex = 0; path = test; sourceTree = BUILT_PRODUCTS_DIR; };
		02F4EA7C19F1ABF500BE9695 /* main.m */ = {isa = PBXFileReference; lastKnownFileType = sourcecode.c.objc; path = main.m; sourceTree = "<group>"; };
		02F4EA8519F1C39B00BE9695 /* MODBulkOperation.h */ = {isa = PBXFileReference; fileEncoding = 4; lastKnownFileType = sourcecode.c.h; path = MODBulkOperation.h; sourceTree = "<group>"; };
		02F4EA8619F1C39B00BE9695 /* MODBulkOperation.m */ = {isa = PBXFileReference; fileEncoding = 4; lastKnownFileType = sourcecode.c.objc; path = MODBulkOperation.m; sourceTree = "<group>"; };
		279210B21D89F3C5005955F3 /* libsasl2.tbd */ = {isa = PBXFileReference; lastKnownFileType = "sourcecode.text-based-dylib-definition"; name = libsasl2.tbd; path = usr/lib/libsasl2.tbd; sourceTree = SDKROOT; };
		27D756B01D558DF100C113BE /* libbson-1.0.a */ = {isa = PBXFileReference; lastKnownFileType = archive.ar; name = "libbson-1.0.a"; path = "mongo-c-driver/lib/libbson-1.0.a"; sourceTree = "<group>"; };
		27D756B11D558DF100C113BE /* libbson-1.0.la */ = {isa = PBXFileReference; lastKnownFileType = text; name = "libbson-1.0.la"; path = "mongo-c-driver/lib/libbson-1.0.la"; sourceTree = "<group>"; };
		27D756B21D558DF100C113BE /* libmongoc-1.0.a */ = {isa = PBXFileReference; lastKnownFileType = archive.ar; name = "libmongoc-1.0.a"; path = "mongo-c-driver/lib/libmongoc-1.0.a"; sourceTree = "<group>"; };
		27D756B31D558DF100C113BE /* libmongoc-1.0.la */ = {isa = PBXFileReference; lastKnownFileType = text; name = "libmongoc-1.0.la"; path = "mongo-c-driver/lib/libmongoc-1.0.la"; sourceTree = "<group>"; };
		27D756BC1D5591E700C113BE /* libcrypto.a */ = {isa = PBXFileReference; lastKnownFileType = archive.ar; name = libcrypto.a; path = ../../../../../../../usr/local/Cellar/openssl/1.0.2h_1/lib/libcrypto.a; sourceTree = "<group>"; };
		27D756BE1D5591ED00C113BE /* libssl.a */ = {isa = PBXFileReference; lastKnownFileType = archive.ar; name = libssl.a; path = ../../../../../../../usr/local/Cellar/openssl/1.0.2h_1/lib/libssl.a; sourceTree = "<group>"; };
/* End PBXFileReference section */

/* Begin PBXFrameworksBuildPhase section */
		02ABA1BC14103B37000417F4 /* Frameworks */ = {
			isa = PBXFrameworksBuildPhase;
			buildActionMask = 2147483647;
			files = (
				279210B31D89F3C5005955F3 /* libsasl2.tbd in Frameworks */,
				27D756BF1D5591ED00C113BE /* libssl.a in Frameworks */,
				27D756BD1D5591E700C113BE /* libcrypto.a in Frameworks */,
				27D756B61D558DF100C113BE /* libbson-1.0.a in Frameworks */,
				27D756B81D558DF100C113BE /* libmongoc-1.0.a in Frameworks */,
				02CF0EA81919116A008C822A /* Foundation.framework in Frameworks */,
				02CF0EA619191117008C822A /* Security.framework in Frameworks */,
			);
			runOnlyForDeploymentPostprocessing = 0;
		};
		02E6400919DB68F900FEFEFC /* Frameworks */ = {
			isa = PBXFrameworksBuildPhase;
			buildActionMask = 2147483647;
			files = (
				02E6401719DB6CD500FEFEFC /* MongoObjCDriver.framework in Frameworks */,
			);
			runOnlyForDeploymentPostprocessing = 0;
		};
		02F4EA7719F1ABF400BE9695 /* Frameworks */ = {
			isa = PBXFrameworksBuildPhase;
			buildActionMask = 2147483647;
			files = (
				02F4EA8219F1ADB400BE9695 /* MongoObjCDriver.framework in Frameworks */,
			);
			runOnlyForDeploymentPostprocessing = 0;
		};
/* End PBXFrameworksBuildPhase section */

/* Begin PBXGroup section */
		02ABA1B414103B36000417F4 = {
			isa = PBXGroup;
			children = (
				02AC79A01AB2724800CA783B /* scripts */,
				02E3ECF619AD74E400F7F06E /* MongoObjCDriver.podspec */,
				02ABA1C914103B37000417F4 /* Sources */,
				02E6400D19DB68F900FEFEFC /* MongoObjCDriver Tests */,
				02F4EA7B19F1ABF500BE9695 /* test */,
				02ABA1C214103B37000417F4 /* Frameworks */,
				02ABA1C114103B37000417F4 /* Products */,
			);
			sourceTree = "<group>";
		};
		02ABA1C114103B37000417F4 /* Products */ = {
			isa = PBXGroup;
			children = (
				02ABA1C014103B37000417F4 /* MongoObjCDriver.framework */,
				02E6400C19DB68F900FEFEFC /* MongoObjCDriver Tests.xctest */,
				02F4EA7A19F1ABF400BE9695 /* test */,
			);
			name = Products;
			sourceTree = "<group>";
		};
		02ABA1C214103B37000417F4 /* Frameworks */ = {
			isa = PBXGroup;
			children = (
				279210B21D89F3C5005955F3 /* libsasl2.tbd */,
				27D756BE1D5591ED00C113BE /* libssl.a */,
				27D756BC1D5591E700C113BE /* libcrypto.a */,
				27D756B01D558DF100C113BE /* libbson-1.0.a */,
				27D756B11D558DF100C113BE /* libbson-1.0.la */,
				27D756B21D558DF100C113BE /* libmongoc-1.0.a */,
				27D756B31D558DF100C113BE /* libmongoc-1.0.la */,
				02CF0EA519191117008C822A /* Security.framework */,
				02ABA1C314103B37000417F4 /* Cocoa.framework */,
				02F121BF1410EF5200197811 /* Foundation.framework */,
				02ABA1C514103B37000417F4 /* Other Frameworks */,
			);
			name = Frameworks;
			sourceTree = "<group>";
		};
		02ABA1C514103B37000417F4 /* Other Frameworks */ = {
			isa = PBXGroup;
			children = (
				02ABA1C614103B37000417F4 /* AppKit.framework */,
				02ABA1C714103B37000417F4 /* CoreData.framework */,
				02ABA1C814103B37000417F4 /* Foundation.framework */,
			);
			name = "Other Frameworks";
			sourceTree = "<group>";
		};
		02ABA1C914103B37000417F4 /* Sources */ = {
			isa = PBXGroup;
			children = (
				02411AB41432B8F900A5FFCA /* MongoObjCDriver.h */,
				02A85F5B14104373004F3FE9 /* MongoObjCDriver-private.h */,
				025C6C891A666D760071950E /* MODTools.h */,
				0299B61117F39FA200FB40A2 /* MODRagelJsonParser.h */,
				0245E7CB1A50265D00FB8914 /* MODRagelJsonParser-private.h */,
				0299B61217F39FA200FB40A2 /* MODRagelJsonParser.m */,
				0299B61317F39FA200FB40A2 /* MODRagelJsonParser.rl */,
				02A85F4F14103EA6004F3FE9 /* MODClient.h */,
				02A9B23B19E5947D002A73E4 /* MODClient-private.h */,
				02A85F5014103EA6004F3FE9 /* MODClient.m */,
				02BDC3EB141D83A7000EF755 /* MODClient_utils.m */,
				025410A619AA7FCE00CF437E /* MODSSLOptions.h */,
				025410A719AA7FCE00CF437E /* MODSSLOptions.m */,
				02AB33AA194870D6008C06B9 /* MODReadPreferences.h */,
				026B2F5219AE05AE00009719 /* MODReadPreferences-private.h */,
				02AB33AB194870D6008C06B9 /* MODReadPreferences.m */,
				026B2F4C19ADC1C300009719 /* MODWriteConcern.h */,
				026B2F5119AE02DC00009719 /* MODWriteConcern-private.h */,
				026B2F4D19ADC1C300009719 /* MODWriteConcern.m */,
				02B17F33184FF2E500362A27 /* MODBsonComparator.h */,
				02B17F34184FF2E500362A27 /* MODBsonComparator.m */,
				024B0C051887DFBF00B8DCE6 /* MODDocumentComparator.h */,
				024B0C061887DFBF00B8DCE6 /* MODDocumentComparator.m */,
				02688DDA14119CF50014ED51 /* MODDatabase.h */,
				02A9B23C19E596E5002A73E4 /* MODDatabase-private.h */,
				02688DDB14119CF50014ED51 /* MODDatabase.m */,
				02688DE01411C5010014ED51 /* MODCollection.h */,
				02688DE11411C5010014ED51 /* MODCollection.m */,
				02C345231A40D51F004F0D2C /* MODIndex.h */,
				02C345271A40DEB5004F0D2C /* MODIndex-private.h */,
				02C345241A40D51F004F0D2C /* MODIndex.m */,
				02F4EA8519F1C39B00BE9695 /* MODBulkOperation.h */,
				02F4EA8619F1C39B00BE9695 /* MODBulkOperation.m */,
				02BDC3E5141D6073000EF755 /* MODCursor.h */,
				02B5B56219EEDEE900CD4098 /* MODCursor-private.h */,
				02BDC3E6141D6073000EF755 /* MODCursor.m */,
				02A85F5714104184004F3FE9 /* MODQuery.h */,
				02A85F5814104184004F3FE9 /* MODQuery.m */,
				02AB057414296F9000B7CD19 /* MODObjectId.h */,
				02AB057514296F9000B7CD19 /* MODObjectId.m */,
				028CE603142E10BE0099B1F7 /* MODTimestamp.h */,
				028CE604142E10BE0099B1F7 /* MODTimestamp.m */,
				023ECFFA14851BEE00185781 /* MODSymbol.h */,
				023ECFFB14851BEE00185781 /* MODSymbol.m */,
				02B13FA31949C41000EFF763 /* MODFunction.h */,
				02B13FA41949C41000EFF763 /* MODFunction.m */,
				02B13FA51949C41000EFF763 /* MODScopeFunction.h */,
				02B13FA61949C41000EFF763 /* MODScopeFunction.m */,
				02CF87E7142F8AA3000C4C7F /* MODRegex.h */,
				02CF87E8142F8AA3000C4C7F /* MODRegex.m */,
				02411AB71432D02600A5FFCA /* MODBinary.h */,
				02411AB81432D02600A5FFCA /* MODBinary.m */,
				025C561F1433E7E40064B010 /* MODDBPointer.h */,
				025C561E1433E7E40064B010 /* MODDBPointer.m */,
				027A1D9C1767E91F0048AD60 /* MODMaxKey.h */,
				027A1D9D1767E91F0048AD60 /* MODMaxKey.m */,
				027A1D9E1767E91F0048AD60 /* MODMinKey.h */,
				027A1D9F1767E91F0048AD60 /* MODMinKey.m */,
				027A1DA01767E91F0048AD60 /* MODUndefined.h */,
				027A1DA11767E91F0048AD60 /* MODUndefined.m */,
				02F1D7CB1A3237C2009277EE /* MODSortedDictionary.h */,
				02F1D7CF1A3330D2009277EE /* MODSortedDictionary-private.h */,
				02F1D7CC1A3237C2009277EE /* MODSortedDictionary.m */,
				02B24271147D1BD6008A15A3 /* MODSortedMutableDictionary.h */,
				02B24272147D1BD6008A15A3 /* MODSortedMutableDictionary.m */,
				02DB18AD172C8C9700B26EAE /* NSString+MODBase64.h */,
				02DB18AE172C8C9700B26EAE /* NSString+MODBase64.m */,
				02DB18A9172C8C5A00B26EAE /* NSData+MODBase64.h */,
				02DB18AA172C8C5A00B26EAE /* NSData+MODBase64.m */,
				02ABA1CA14103B37000417F4 /* Supporting Files */,
			);
			path = Sources;
			sourceTree = "<group>";
		};
		02ABA1CA14103B37000417F4 /* Supporting Files */ = {
			isa = PBXGroup;
			children = (
				02ABA1CB14103B37000417F4 /* MongoObjCDriver-Info.plist */,
				02ABA1CC14103B37000417F4 /* InfoPlist.strings */,
			);
			name = "Supporting Files";
			sourceTree = "<group>";
		};
		02AC79A01AB2724800CA783B /* scripts */ = {
			isa = PBXGroup;
			children = (
				02AC79A11AB2726E00CA783B /* autogen.sh */,
				02AC79A21AB2726E00CA783B /* commit_libraries.sh */,
				02AC79A31AB2726E00CA783B /* create_version.sh */,
				02AC79A41AB2726E00CA783B /* git_fetch.sh */,
				02AC79A51AB2726E00CA783B /* git_test.sh */,
				02AC79A61AB2726E00CA783B /* update_submodule.sh */,
			);
			path = scripts;
			sourceTree = "<group>";
		};
		02E6400D19DB68F900FEFEFC /* MongoObjCDriver Tests */ = {
			isa = PBXGroup;
			children = (
				02E6401519DB6C0000FEFEFC /* MODJsonParsingTestCase.m */,
				02E6401819DB7CDA00FEFEFC /* MODObjectsTestCase.m */,
				02E6401A19DB82E000FEFEFC /* MODBase64TestCase.m */,
				02E6401C19DC07DB00FEFEFC /* MODDocumentCompatorTestCase.m */,
				02E6401E19DC0AA900FEFEFC /* MODBsonComparatorTestCase.m */,
				02E6402019DC146300FEFEFC /* MODClientTestCase.m */,
				02E6400E19DB68F900FEFEFC /* Supporting Files */,
			);
			path = "MongoObjCDriver Tests";
			sourceTree = "<group>";
		};
		02E6400E19DB68F900FEFEFC /* Supporting Files */ = {
			isa = PBXGroup;
			children = (
				02E6400F19DB68F900FEFEFC /* Info.plist */,
			);
			name = "Supporting Files";
			sourceTree = "<group>";
		};
		02F4EA7B19F1ABF500BE9695 /* test */ = {
			isa = PBXGroup;
			children = (
				02F4EA7C19F1ABF500BE9695 /* main.m */,
			);
			path = test;
			sourceTree = "<group>";
		};
/* End PBXGroup section */

/* Begin PBXHeadersBuildPhase section */
		02ABA1BD14103B37000417F4 /* Headers */ = {
			isa = PBXHeadersBuildPhase;
			buildActionMask = 2147483647;
			files = (
				02A85F5114103EA6004F3FE9 /* MODClient.h in Headers */,
				02A85F5914104184004F3FE9 /* MODQuery.h in Headers */,
				024B0C071887DFBF00B8DCE6 /* MODDocumentComparator.h in Headers */,
				02B17F35184FF2E500362A27 /* MODBsonComparator.h in Headers */,
				02688DDC14119CF50014ED51 /* MODDatabase.h in Headers */,
				02688DE21411C5010014ED51 /* MODCollection.h in Headers */,
				02BDC3E7141D6073000EF755 /* MODCursor.h in Headers */,
				02AB057614296F9000B7CD19 /* MODObjectId.h in Headers */,
				028CE605142E10BE0099B1F7 /* MODTimestamp.h in Headers */,
				02CF87E9142F8AA3000C4C7F /* MODRegex.h in Headers */,
				02411AB51432B8FA00A5FFCA /* MongoObjCDriver.h in Headers */,
				02411AB91432D02700A5FFCA /* MODBinary.h in Headers */,
				025C56211433E7E40064B010 /* MODDBPointer.h in Headers */,
				02B24273147D1BD6008A15A3 /* MODSortedMutableDictionary.h in Headers */,
				023ECFFC14851BEE00185781 /* MODSymbol.h in Headers */,
				02B13FA71949C41000EFF763 /* MODFunction.h in Headers */,
				02DB18AB172C8C5A00B26EAE /* NSData+MODBase64.h in Headers */,
				02DB18AF172C8C9700B26EAE /* NSString+MODBase64.h in Headers */,
				027A1DA21767E91F0048AD60 /* MODMaxKey.h in Headers */,
				027A1DA51767E91F0048AD60 /* MODMinKey.h in Headers */,
				027A1DA81767E91F0048AD60 /* MODUndefined.h in Headers */,
				02CCE7A0192A278800A9DB1B /* MODRagelJsonParser.h in Headers */,
				02C345281A40DEC8004F0D2C /* MODIndex-private.h in Headers */,
				02AB33AC194870D6008C06B9 /* MODReadPreferences.h in Headers */,
				02A85F5D14104373004F3FE9 /* MongoObjCDriver-private.h in Headers */,
				025410A819AA7FCE00CF437E /* MODSSLOptions.h in Headers */,
				02F4EA8719F1C39B00BE9695 /* MODBulkOperation.h in Headers */,
				02B13FA91949C41000EFF763 /* MODScopeFunction.h in Headers */,
				026B2F5419AE13BE00009719 /* MODReadPreferences-private.h in Headers */,
				0245E7CC1A50265D00FB8914 /* MODRagelJsonParser-private.h in Headers */,
				02F1D7D01A3330D2009277EE /* MODSortedDictionary-private.h in Headers */,
				026B2F5319AE13B200009719 /* MODWriteConcern-private.h in Headers */,
				02F1D7CD1A3237C2009277EE /* MODSortedDictionary.h in Headers */,
				025C6C8A1A666D830071950E /* MODTools.h in Headers */,
				026B2F4E19ADC1C300009719 /* MODWriteConcern.h in Headers */,
				02C345251A40D51F004F0D2C /* MODIndex.h in Headers */,
			);
			runOnlyForDeploymentPostprocessing = 0;
		};
/* End PBXHeadersBuildPhase section */

/* Begin PBXNativeTarget section */
		02ABA1BF14103B37000417F4 /* MongoObjCDriver */ = {
			isa = PBXNativeTarget;
			buildConfigurationList = 02ABA1D514103B37000417F4 /* Build configuration list for PBXNativeTarget "MongoObjCDriver" */;
			buildPhases = (
				02ABA1BB14103B37000417F4 /* Sources */,
				02ABA1BC14103B37000417F4 /* Frameworks */,
				02ABA1BD14103B37000417F4 /* Headers */,
				02ABA1BE14103B37000417F4 /* Resources */,
			);
			buildRules = (
			);
			dependencies = (
			);
			name = MongoObjCDriver;
			productName = "mongo-objc-driver";
			productReference = 02ABA1C014103B37000417F4 /* MongoObjCDriver.framework */;
			productType = "com.apple.product-type.framework";
		};
		02E6400B19DB68F900FEFEFC /* MongoObjCDriver Tests */ = {
			isa = PBXNativeTarget;
			buildConfigurationList = 02E6401419DB68F900FEFEFC /* Build configuration list for PBXNativeTarget "MongoObjCDriver Tests" */;
			buildPhases = (
				02E6400819DB68F900FEFEFC /* Sources */,
				02E6400919DB68F900FEFEFC /* Frameworks */,
				02E6400A19DB68F900FEFEFC /* Resources */,
			);
			buildRules = (
			);
			dependencies = (
				02E6402419DC30BF00FEFEFC /* PBXTargetDependency */,
			);
			name = "MongoObjCDriver Tests";
			productName = "MongoObjCDriver Tests";
			productReference = 02E6400C19DB68F900FEFEFC /* MongoObjCDriver Tests.xctest */;
			productType = "com.apple.product-type.bundle.unit-test";
		};
		02F4EA7919F1ABF400BE9695 /* test */ = {
			isa = PBXNativeTarget;
			buildConfigurationList = 02F4EA8019F1ABF500BE9695 /* Build configuration list for PBXNativeTarget "test" */;
			buildPhases = (
				02F4EA7619F1ABF400BE9695 /* Sources */,
				02F4EA7719F1ABF400BE9695 /* Frameworks */,
				02F4EA7819F1ABF400BE9695 /* CopyFiles */,
			);
			buildRules = (
			);
			dependencies = (
				02F4EA8419F1ADBB00BE9695 /* PBXTargetDependency */,
			);
			name = test;
			productName = test;
			productReference = 02F4EA7A19F1ABF400BE9695 /* test */;
			productType = "com.apple.product-type.tool";
		};
/* End PBXNativeTarget section */

/* Begin PBXProject section */
		02ABA1B614103B36000417F4 /* Project object */ = {
			isa = PBXProject;
			attributes = {
				CLASSPREFIX = MOD;
				LastUpgradeCheck = 0730;
				TargetAttributes = {
					02E6400B19DB68F900FEFEFC = {
						CreatedOnToolsVersion = 6.0.1;
					};
					02F4EA7919F1ABF400BE9695 = {
						CreatedOnToolsVersion = 6.0.1;
					};
				};
			};
			buildConfigurationList = 02ABA1B914103B36000417F4 /* Build configuration list for PBXProject "MongoObjCDriver" */;
			compatibilityVersion = "Xcode 3.2";
			developmentRegion = English;
			hasScannedForEncodings = 0;
			knownRegions = (
				en,
			);
			mainGroup = 02ABA1B414103B36000417F4;
			productRefGroup = 02ABA1C114103B37000417F4 /* Products */;
			projectDirPath = "";
			projectRoot = "";
			targets = (
				02ABA1BF14103B37000417F4 /* MongoObjCDriver */,
				0299B61B17F3A8B800FB40A2 /* Ragel */,
				02E6400B19DB68F900FEFEFC /* MongoObjCDriver Tests */,
				02F4EA7919F1ABF400BE9695 /* test */,
			);
		};
/* End PBXProject section */

/* Begin PBXResourcesBuildPhase section */
		02ABA1BE14103B37000417F4 /* Resources */ = {
			isa = PBXResourcesBuildPhase;
			buildActionMask = 2147483647;
			files = (
				02AC79AC1AB2726E00CA783B /* update_submodule.sh in Resources */,
				02AC79AB1AB2726E00CA783B /* git_test.sh in Resources */,
				02AC79A71AB2726E00CA783B /* autogen.sh in Resources */,
				02AC79A91AB2726E00CA783B /* create_version.sh in Resources */,
				02AC79AA1AB2726E00CA783B /* git_fetch.sh in Resources */,
				02AC79A81AB2726E00CA783B /* commit_libraries.sh in Resources */,
			);
			runOnlyForDeploymentPostprocessing = 0;
		};
		02E6400A19DB68F900FEFEFC /* Resources */ = {
			isa = PBXResourcesBuildPhase;
			buildActionMask = 2147483647;
			files = (
			);
			runOnlyForDeploymentPostprocessing = 0;
		};
/* End PBXResourcesBuildPhase section */

/* Begin PBXShellScriptBuildPhase section */
		0299B61F17F3A8E000FB40A2 /* MODRagelJsonParser */ = {
			isa = PBXShellScriptBuildPhase;
			buildActionMask = 2147483647;
			files = (
			);
			inputPaths = (
				"$(SRCROOT)/Sources/MODRagelJsonParser.rl",
			);
			name = MODRagelJsonParser;
			outputPaths = (
				"$(SRCROOT)/Sources/MODRagelJsonParser.m",
			);
			runOnlyForDeploymentPostprocessing = 0;
			shellPath = /bin/sh;
			shellScript = "/opt/local/bin/ragel \"${SRCROOT}/Sources/MODRagelJsonParser.rl\" -o \"${SRCROOT}/Sources/MODRagelJsonParser.m\"";
		};
/* End PBXShellScriptBuildPhase section */

/* Begin PBXSourcesBuildPhase section */
		02ABA1BB14103B37000417F4 /* Sources */ = {
			isa = PBXSourcesBuildPhase;
			buildActionMask = 2147483647;
			files = (
				025410A919AA7FCE00CF437E /* MODSSLOptions.m in Sources */,
				02A85F5214103EA6004F3FE9 /* MODClient.m in Sources */,
				02688DDD14119CF50014ED51 /* MODDatabase.m in Sources */,
				02AB33AD194870D6008C06B9 /* MODReadPreferences.m in Sources */,
				0299B61517F39FAA00FB40A2 /* MODRagelJsonParser.m in Sources */,
				02B13FAA1949C41000EFF763 /* MODScopeFunction.m in Sources */,
				02F4EA8819F1C39B00BE9695 /* MODBulkOperation.m in Sources */,
				02688DE31411C5010014ED51 /* MODCollection.m in Sources */,
				02F1D7CE1A3237C2009277EE /* MODSortedDictionary.m in Sources */,
				026B2F4F19ADC1C300009719 /* MODWriteConcern.m in Sources */,
				02A85F5A14104184004F3FE9 /* MODQuery.m in Sources */,
				02BDC3E8141D6073000EF755 /* MODCursor.m in Sources */,
				02BDC3EC141D83A7000EF755 /* MODClient_utils.m in Sources */,
				02AB057714296F9000B7CD19 /* MODObjectId.m in Sources */,
				028CE606142E10BE0099B1F7 /* MODTimestamp.m in Sources */,
				02CF87EA142F8AA3000C4C7F /* MODRegex.m in Sources */,
				02411ABA1432D02700A5FFCA /* MODBinary.m in Sources */,
				025C56201433E7E40064B010 /* MODDBPointer.m in Sources */,
				02B24274147D1BD6008A15A3 /* MODSortedMutableDictionary.m in Sources */,
				02C345261A40D51F004F0D2C /* MODIndex.m in Sources */,
				02B13FA81949C41000EFF763 /* MODFunction.m in Sources */,
				023ECFFD14851BEE00185781 /* MODSymbol.m in Sources */,
				024B0C081887DFBF00B8DCE6 /* MODDocumentComparator.m in Sources */,
				02DB18AC172C8C5A00B26EAE /* NSData+MODBase64.m in Sources */,
				02DB18B0172C8C9700B26EAE /* NSString+MODBase64.m in Sources */,
				02B17F36184FF2E500362A27 /* MODBsonComparator.m in Sources */,
				027A1DA31767E91F0048AD60 /* MODMaxKey.m in Sources */,
				027A1DA61767E91F0048AD60 /* MODMinKey.m in Sources */,
				027A1DA91767E91F0048AD60 /* MODUndefined.m in Sources */,
			);
			runOnlyForDeploymentPostprocessing = 0;
		};
		02E6400819DB68F900FEFEFC /* Sources */ = {
			isa = PBXSourcesBuildPhase;
			buildActionMask = 2147483647;
			files = (
				02E6401D19DC07DB00FEFEFC /* MODDocumentCompatorTestCase.m in Sources */,
				02E6401619DB6C0000FEFEFC /* MODJsonParsingTestCase.m in Sources */,
				02E6401919DB7CDA00FEFEFC /* MODObjectsTestCase.m in Sources */,
				02E6401B19DB82E000FEFEFC /* MODBase64TestCase.m in Sources */,
				02E6401F19DC0AA900FEFEFC /* MODBsonComparatorTestCase.m in Sources */,
				02E6402119DC146300FEFEFC /* MODClientTestCase.m in Sources */,
			);
			runOnlyForDeploymentPostprocessing = 0;
		};
		02F4EA7619F1ABF400BE9695 /* Sources */ = {
			isa = PBXSourcesBuildPhase;
			buildActionMask = 2147483647;
			files = (
				02F4EA7D19F1ABF500BE9695 /* main.m in Sources */,
			);
			runOnlyForDeploymentPostprocessing = 0;
		};
/* End PBXSourcesBuildPhase section */

/* Begin PBXTargetDependency section */
		02E6402419DC30BF00FEFEFC /* PBXTargetDependency */ = {
			isa = PBXTargetDependency;
			target = 02ABA1BF14103B37000417F4 /* MongoObjCDriver */;
			targetProxy = 02E6402319DC30BF00FEFEFC /* PBXContainerItemProxy */;
		};
		02F4EA8419F1ADBB00BE9695 /* PBXTargetDependency */ = {
			isa = PBXTargetDependency;
			target = 02ABA1BF14103B37000417F4 /* MongoObjCDriver */;
			targetProxy = 02F4EA8319F1ADBB00BE9695 /* PBXContainerItemProxy */;
		};
/* End PBXTargetDependency section */

/* Begin PBXVariantGroup section */
		02ABA1CC14103B37000417F4 /* InfoPlist.strings */ = {
			isa = PBXVariantGroup;
			children = (
				02ABA1CD14103B37000417F4 /* en */,
			);
			name = InfoPlist.strings;
			sourceTree = "<group>";
		};
/* End PBXVariantGroup section */

/* Begin XCBuildConfiguration section */
		0299B61D17F3A8B800FB40A2 /* Debug */ = {
			isa = XCBuildConfiguration;
			buildSettings = {
				PRODUCT_NAME = "$(TARGET_NAME)";
			};
			name = Debug;
		};
		0299B61E17F3A8B800FB40A2 /* Release */ = {
			isa = XCBuildConfiguration;
			buildSettings = {
				PRODUCT_NAME = "$(TARGET_NAME)";
			};
			name = Release;
		};
		02ABA1D314103B37000417F4 /* Debug */ = {
			isa = XCBuildConfiguration;
			buildSettings = {
				ALWAYS_SEARCH_USER_PATHS = NO;
				CLANG_WARN_BOOL_CONVERSION = YES;
				CLANG_WARN_CONSTANT_CONVERSION = YES;
				CLANG_WARN_ENUM_CONVERSION = YES;
				CLANG_WARN_INT_CONVERSION = YES;
				COPY_PHASE_STRIP = NO;
				ENABLE_TESTABILITY = YES;
				GCC_C_LANGUAGE_STANDARD = c99;
				GCC_DYNAMIC_NO_PIC = NO;
				GCC_ENABLE_OBJC_EXCEPTIONS = YES;
				GCC_OPTIMIZATION_LEVEL = 0;
				GCC_PREPROCESSOR_DEFINITIONS = "_MONGO_USE_GETADDRINFO=1";
				GCC_SYMBOLS_PRIVATE_EXTERN = NO;
				GCC_TREAT_WARNINGS_AS_ERRORS = YES;
				GCC_WARN_64_TO_32_BIT_CONVERSION = YES;
				GCC_WARN_ABOUT_MISSING_PROTOTYPES = YES;
				GCC_WARN_ABOUT_RETURN_TYPE = YES;
				GCC_WARN_SHADOW = YES;
				GCC_WARN_UNINITIALIZED_AUTOS = YES_AGGRESSIVE;
				GCC_WARN_UNUSED_VARIABLE = YES;
				HEADER_SEARCH_PATHS = (
					"$(inherited)",
					/Applications/Xcode.app/Contents/Developer/Toolchains/XcodeDefault.xctoolchain/usr/include,
					"$(SRCROOT)/mongo-c-driver/include",
					"$(SRCROOT)/Libraries/mongo-c-driver/src/libbson/src/bson",
					"$(SRCROOT)/Libraries/mongo-c-driver/src/libbson/src",
				);
				MACOSX_DEPLOYMENT_TARGET = 10.8;
				ONLY_ACTIVE_ARCH = YES;
				OTHER_CFLAGS = (
					"-DMONGOC_COMPILATION",
					"-DBSON_COMPILATION",
				);
				SDKROOT = macosx;
			};
			name = Debug;
		};
		02ABA1D414103B37000417F4 /* Release */ = {
			isa = XCBuildConfiguration;
			buildSettings = {
				ALWAYS_SEARCH_USER_PATHS = NO;
				CLANG_WARN_BOOL_CONVERSION = YES;
				CLANG_WARN_CONSTANT_CONVERSION = YES;
				CLANG_WARN_ENUM_CONVERSION = YES;
				CLANG_WARN_INT_CONVERSION = YES;
				COPY_PHASE_STRIP = YES;
				GCC_C_LANGUAGE_STANDARD = c99;
				GCC_ENABLE_OBJC_EXCEPTIONS = YES;
				GCC_PREPROCESSOR_DEFINITIONS = "_MONGO_USE_GETADDRINFO=1";
				GCC_TREAT_WARNINGS_AS_ERRORS = YES;
				GCC_WARN_64_TO_32_BIT_CONVERSION = YES;
				GCC_WARN_ABOUT_MISSING_PROTOTYPES = YES;
				GCC_WARN_ABOUT_RETURN_TYPE = YES;
				GCC_WARN_SHADOW = YES;
				GCC_WARN_UNINITIALIZED_AUTOS = YES_AGGRESSIVE;
				GCC_WARN_UNUSED_VARIABLE = YES;
				HEADER_SEARCH_PATHS = (
					"$(inherited)",
					/Applications/Xcode.app/Contents/Developer/Toolchains/XcodeDefault.xctoolchain/usr/include,
					"$(SRCROOT)/mongo-c-driver/include",
					"$(SRCROOT)/Libraries/mongo-c-driver/src/libbson/src/bson",
					"$(SRCROOT)/Libraries/mongo-c-driver/src/libbson/src",
				);
				MACOSX_DEPLOYMENT_TARGET = 10.8;
				OTHER_CFLAGS = (
					"-DMONGOC_COMPILATION",
					"-DBSON_COMPILATION",
				);
				SDKROOT = macosx;
			};
			name = Release;
		};
		02ABA1D614103B37000417F4 /* Debug */ = {
			isa = XCBuildConfiguration;
			buildSettings = {
				CLANG_WARN__DUPLICATE_METHOD_MATCH = YES;
				COMBINE_HIDPI_IMAGES = YES;
				DYLIB_COMPATIBILITY_VERSION = 1;
				DYLIB_CURRENT_VERSION = 1;
				FRAMEWORK_VERSION = A;
				HEADER_SEARCH_PATHS = (
					"$(inherited)",
					/Applications/Xcode.app/Contents/Developer/Toolchains/XcodeDefault.xctoolchain/usr/include,
					"$(SRCROOT)/mongo-c-driver/include/libmongoc-1.0",
					"$(SRCROOT)/Libraries/mongo-c-driver/src/libbson/src/bson",
					"$(SRCROOT)/Libraries/mongo-c-driver/src/libbson/src",
					"$(SRCROOT)/mongo-c-driver/include/libbson-1.0",
				);
				INFOPLIST_FILE = "Sources/MongoObjCDriver-Info.plist";
				INSTALL_PATH = "@executable_path/../Frameworks";
				LIBRARY_SEARCH_PATHS = (
					"$(inherited)",
					"$(PROJECT_DIR)/mongo-c-driver/lib",
					/usr/local/Cellar/openssl/1.0.2h_1/lib,
				);
				MACOSX_DEPLOYMENT_TARGET = 10.8;
				PRODUCT_BUNDLE_IDENTIFIER = "com.jeromelebel.${PRODUCT_NAME:rfc1034identifier}";
				PRODUCT_NAME = "$(TARGET_NAME)";
				WRAPPER_EXTENSION = framework;
			};
			name = Debug;
		};
		02ABA1D714103B37000417F4 /* Release */ = {
			isa = XCBuildConfiguration;
			buildSettings = {
				CLANG_WARN__DUPLICATE_METHOD_MATCH = YES;
				COMBINE_HIDPI_IMAGES = YES;
				DYLIB_COMPATIBILITY_VERSION = 1;
				DYLIB_CURRENT_VERSION = 1;
				FRAMEWORK_VERSION = A;
				HEADER_SEARCH_PATHS = (
					"$(inherited)",
					/Applications/Xcode.app/Contents/Developer/Toolchains/XcodeDefault.xctoolchain/usr/include,
					"$(SRCROOT)/mongo-c-driver/include/libmongoc-1.0",
					"$(SRCROOT)/Libraries/mongo-c-driver/src/libbson/src/bson",
					"$(SRCROOT)/Libraries/mongo-c-driver/src/libbson/src",
					"$(SRCROOT)/mongo-c-driver/include/libbson-1.0",
				);
				INFOPLIST_FILE = "Sources/MongoObjCDriver-Info.plist";
				INSTALL_PATH = "@executable_path/../Frameworks";
				LIBRARY_SEARCH_PATHS = (
					"$(inherited)",
					"$(PROJECT_DIR)/mongo-c-driver/lib",
					/usr/local/Cellar/openssl/1.0.2h_1/lib,
				);
				MACOSX_DEPLOYMENT_TARGET = 10.8;
				PRODUCT_BUNDLE_IDENTIFIER = "com.jeromelebel.${PRODUCT_NAME:rfc1034identifier}";
				PRODUCT_NAME = "$(TARGET_NAME)";
				WRAPPER_EXTENSION = framework;
			};
			name = Release;
		};
		02E6401219DB68F900FEFEFC /* Debug */ = {
			isa = XCBuildConfiguration;
			buildSettings = {
				CLANG_CXX_LANGUAGE_STANDARD = "gnu++0x";
				CLANG_CXX_LIBRARY = "libc++";
				CLANG_ENABLE_MODULES = YES;
				CLANG_ENABLE_OBJC_ARC = YES;
				CLANG_WARN_DIRECT_OBJC_ISA_USAGE = YES_ERROR;
				CLANG_WARN_OBJC_ROOT_CLASS = YES_ERROR;
				CLANG_WARN_UNREACHABLE_CODE = YES;
				CLANG_WARN__DUPLICATE_METHOD_MATCH = YES;
				COMBINE_HIDPI_IMAGES = YES;
				ENABLE_STRICT_OBJC_MSGSEND = YES;
				FRAMEWORK_SEARCH_PATHS = (
					"$(DEVELOPER_FRAMEWORKS_DIR)",
					"$(inherited)",
				);
				GCC_C_LANGUAGE_STANDARD = gnu99;
				GCC_PREPROCESSOR_DEFINITIONS = (
					"DEBUG=1",
					"$(inherited)",
				);
				GCC_WARN_ABOUT_RETURN_TYPE = YES_ERROR;
				GCC_WARN_UNDECLARED_SELECTOR = YES;
				GCC_WARN_UNINITIALIZED_AUTOS = YES_AGGRESSIVE;
				GCC_WARN_UNUSED_FUNCTION = YES;
				INFOPLIST_FILE = "MongoObjCDriver Tests/Info.plist";
				LD_RUNPATH_SEARCH_PATHS = "$(inherited) @executable_path/../Frameworks @loader_path/../Frameworks";
				MACOSX_DEPLOYMENT_TARGET = 10.9;
				MTL_ENABLE_DEBUG_INFO = YES;
				ONLY_ACTIVE_ARCH = YES;
				PRODUCT_BUNDLE_IDENTIFIER = "com.jeromelebel.$(PRODUCT_NAME:rfc1034identifier)";
				PRODUCT_NAME = "$(TARGET_NAME)";
				SDKROOT = macosx;
			};
			name = Debug;
		};
		02E6401319DB68F900FEFEFC /* Release */ = {
			isa = XCBuildConfiguration;
			buildSettings = {
				CLANG_CXX_LANGUAGE_STANDARD = "gnu++0x";
				CLANG_CXX_LIBRARY = "libc++";
				CLANG_ENABLE_MODULES = YES;
				CLANG_ENABLE_OBJC_ARC = YES;
				CLANG_WARN_DIRECT_OBJC_ISA_USAGE = YES_ERROR;
				CLANG_WARN_OBJC_ROOT_CLASS = YES_ERROR;
				CLANG_WARN_UNREACHABLE_CODE = YES;
				CLANG_WARN__DUPLICATE_METHOD_MATCH = YES;
				COMBINE_HIDPI_IMAGES = YES;
				DEBUG_INFORMATION_FORMAT = "dwarf-with-dsym";
				ENABLE_NS_ASSERTIONS = NO;
				ENABLE_STRICT_OBJC_MSGSEND = YES;
				FRAMEWORK_SEARCH_PATHS = (
					"$(DEVELOPER_FRAMEWORKS_DIR)",
					"$(inherited)",
				);
				GCC_C_LANGUAGE_STANDARD = gnu99;
				GCC_WARN_ABOUT_RETURN_TYPE = YES_ERROR;
				GCC_WARN_UNDECLARED_SELECTOR = YES;
				GCC_WARN_UNINITIALIZED_AUTOS = YES_AGGRESSIVE;
				GCC_WARN_UNUSED_FUNCTION = YES;
				INFOPLIST_FILE = "MongoObjCDriver Tests/Info.plist";
				LD_RUNPATH_SEARCH_PATHS = "$(inherited) @executable_path/../Frameworks @loader_path/../Frameworks";
				MACOSX_DEPLOYMENT_TARGET = 10.9;
				MTL_ENABLE_DEBUG_INFO = NO;
				PRODUCT_BUNDLE_IDENTIFIER = "com.jeromelebel.$(PRODUCT_NAME:rfc1034identifier)";
				PRODUCT_NAME = "$(TARGET_NAME)";
				SDKROOT = macosx;
			};
			name = Release;
		};
		02F4EA7E19F1ABF500BE9695 /* Debug */ = {
			isa = XCBuildConfiguration;
			buildSettings = {
				CLANG_CXX_LANGUAGE_STANDARD = "gnu++0x";
				CLANG_CXX_LIBRARY = "libc++";
				CLANG_ENABLE_MODULES = YES;
				CLANG_ENABLE_OBJC_ARC = YES;
				CLANG_WARN_BOOL_CONVERSION = YES;
				CLANG_WARN_CONSTANT_CONVERSION = YES;
				CLANG_WARN_DIRECT_OBJC_ISA_USAGE = YES_ERROR;
				CLANG_WARN_EMPTY_BODY = YES;
				CLANG_WARN_ENUM_CONVERSION = YES;
				CLANG_WARN_INT_CONVERSION = YES;
				CLANG_WARN_OBJC_ROOT_CLASS = YES_ERROR;
				CLANG_WARN_UNREACHABLE_CODE = YES;
				CLANG_WARN__DUPLICATE_METHOD_MATCH = YES;
				ENABLE_STRICT_OBJC_MSGSEND = YES;
				GCC_C_LANGUAGE_STANDARD = gnu99;
				GCC_PREPROCESSOR_DEFINITIONS = (
					"DEBUG=1",
					"$(inherited)",
				);
				GCC_WARN_ABOUT_RETURN_TYPE = YES_ERROR;
				GCC_WARN_UNDECLARED_SELECTOR = YES;
				GCC_WARN_UNINITIALIZED_AUTOS = YES_AGGRESSIVE;
				GCC_WARN_UNUSED_FUNCTION = YES;
				MACOSX_DEPLOYMENT_TARGET = 10.9;
				MTL_ENABLE_DEBUG_INFO = YES;
				ONLY_ACTIVE_ARCH = YES;
				PRODUCT_NAME = "$(TARGET_NAME)";
				SDKROOT = macosx;
			};
			name = Debug;
		};
		02F4EA7F19F1ABF500BE9695 /* Release */ = {
			isa = XCBuildConfiguration;
			buildSettings = {
				CLANG_CXX_LANGUAGE_STANDARD = "gnu++0x";
				CLANG_CXX_LIBRARY = "libc++";
				CLANG_ENABLE_MODULES = YES;
				CLANG_ENABLE_OBJC_ARC = YES;
				CLANG_WARN_BOOL_CONVERSION = YES;
				CLANG_WARN_CONSTANT_CONVERSION = YES;
				CLANG_WARN_DIRECT_OBJC_ISA_USAGE = YES_ERROR;
				CLANG_WARN_EMPTY_BODY = YES;
				CLANG_WARN_ENUM_CONVERSION = YES;
				CLANG_WARN_INT_CONVERSION = YES;
				CLANG_WARN_OBJC_ROOT_CLASS = YES_ERROR;
				CLANG_WARN_UNREACHABLE_CODE = YES;
				CLANG_WARN__DUPLICATE_METHOD_MATCH = YES;
				DEBUG_INFORMATION_FORMAT = "dwarf-with-dsym";
				ENABLE_NS_ASSERTIONS = NO;
				ENABLE_STRICT_OBJC_MSGSEND = YES;
				GCC_C_LANGUAGE_STANDARD = gnu99;
				GCC_WARN_ABOUT_RETURN_TYPE = YES_ERROR;
				GCC_WARN_UNDECLARED_SELECTOR = YES;
				GCC_WARN_UNINITIALIZED_AUTOS = YES_AGGRESSIVE;
				GCC_WARN_UNUSED_FUNCTION = YES;
				MACOSX_DEPLOYMENT_TARGET = 10.9;
				MTL_ENABLE_DEBUG_INFO = NO;
				PRODUCT_NAME = "$(TARGET_NAME)";
				SDKROOT = macosx;
			};
			name = Release;
		};
/* End XCBuildConfiguration section */

/* Begin XCConfigurationList section */
		0299B61C17F3A8B800FB40A2 /* Build configuration list for PBXAggregateTarget "Ragel" */ = {
			isa = XCConfigurationList;
			buildConfigurations = (
				0299B61D17F3A8B800FB40A2 /* Debug */,
				0299B61E17F3A8B800FB40A2 /* Release */,
			);
			defaultConfigurationIsVisible = 0;
			defaultConfigurationName = Release;
		};
		02ABA1B914103B36000417F4 /* Build configuration list for PBXProject "MongoObjCDriver" */ = {
			isa = XCConfigurationList;
			buildConfigurations = (
				02ABA1D314103B37000417F4 /* Debug */,
				02ABA1D414103B37000417F4 /* Release */,
			);
			defaultConfigurationIsVisible = 0;
			defaultConfigurationName = Release;
		};
		02ABA1D514103B37000417F4 /* Build configuration list for PBXNativeTarget "MongoObjCDriver" */ = {
			isa = XCConfigurationList;
			buildConfigurations = (
				02ABA1D614103B37000417F4 /* Debug */,
				02ABA1D714103B37000417F4 /* Release */,
			);
			defaultConfigurationIsVisible = 0;
			defaultConfigurationName = Release;
		};
		02E6401419DB68F900FEFEFC /* Build configuration list for PBXNativeTarget "MongoObjCDriver Tests" */ = {
			isa = XCConfigurationList;
			buildConfigurations = (
				02E6401219DB68F900FEFEFC /* Debug */,
				02E6401319DB68F900FEFEFC /* Release */,
			);
			defaultConfigurationIsVisible = 0;
			defaultConfigurationName = Release;
		};
		02F4EA8019F1ABF500BE9695 /* Build configuration list for PBXNativeTarget "test" */ = {
			isa = XCConfigurationList;
			buildConfigurations = (
				02F4EA7E19F1ABF500BE9695 /* Debug */,
				02F4EA7F19F1ABF500BE9695 /* Release */,
			);
			defaultConfigurationIsVisible = 0;
			defaultConfigurationName = Release;
		};
/* End XCConfigurationList section */
	};
	rootObject = 02ABA1B614103B36000417F4 /* Project object */;
}
